// !$*UTF8*$!
{
	archiveVersion = 1;
	classes = {
	};
	objectVersion = 56;
	objects = {

/* Begin PBXBuildFile section */
		3E7A63792B7A95A3007A2770 /* GameModule.swift in Sources */ = {isa = PBXBuildFile; fileRef = 3E7A63782B7A95A3007A2770 /* GameModule.swift */; };
		3EAFE2E82B77FD13008DD174 /* linesApp.swift in Sources */ = {isa = PBXBuildFile; fileRef = 3EAFE2E72B77FD13008DD174 /* linesApp.swift */; };
		3EAFE2EA2B77FD13008DD174 /* ContentView.swift in Sources */ = {isa = PBXBuildFile; fileRef = 3EAFE2E92B77FD13008DD174 /* ContentView.swift */; };
		3EAFE2EC2B77FD15008DD174 /* Assets.xcassets in Resources */ = {isa = PBXBuildFile; fileRef = 3EAFE2EB2B77FD15008DD174 /* Assets.xcassets */; };
		3EAFE2EF2B77FD15008DD174 /* Preview Assets.xcassets in Resources */ = {isa = PBXBuildFile; fileRef = 3EAFE2EE2B77FD15008DD174 /* Preview Assets.xcassets */; };
		3EAFE2F62B77FD68008DD174 /* Game.swift in Sources */ = {isa = PBXBuildFile; fileRef = 3EAFE2F52B77FD68008DD174 /* Game.swift */; };
		3EAFE2F82B77FD89008DD174 /* GameService.swift in Sources */ = {isa = PBXBuildFile; fileRef = 3EAFE2F72B77FD89008DD174 /* GameService.swift */; };
		3EAFE2FA2B7808A0008DD174 /* nhlOdds.json in Resources */ = {isa = PBXBuildFile; fileRef = 3EAFE2F92B7808A0008DD174 /* nhlOdds.json */; };
		3EAFE2FC2B7A604B008DD174 /* BetSelections.swift in Sources */ = {isa = PBXBuildFile; fileRef = 3EAFE2FB2B7A604B008DD174 /* BetSelections.swift */; };
		3EAFE2FE2B7A60DF008DD174 /* BetButton.swift in Sources */ = {isa = PBXBuildFile; fileRef = 3EAFE2FD2B7A60DF008DD174 /* BetButton.swift */; };
		3ECFE5F92B7BBF2C0033FCC7 /* DropDownView.swift in Sources */ = {isa = PBXBuildFile; fileRef = 3ECFE5F82B7BBF2C0033FCC7 /* DropDownView.swift */; };
		3ECFE5FB2B7BC2BA0033FCC7 /* nbaOdds.json in Resources */ = {isa = PBXBuildFile; fileRef = 3ECFE5FA2B7BC2BA0033FCC7 /* nbaOdds.json */; };
		3ECFE5FD2B7BEDF90033FCC7 /* CustomSetup.swift in Sources */ = {isa = PBXBuildFile; fileRef = 3ECFE5FC2B7BEDF90033FCC7 /* CustomSetup.swift */; };
		3ECFE6052B7D12510033FCC7 /* Helpers.swift in Sources */ = {isa = PBXBuildFile; fileRef = 3ECFE6042B7D12510033FCC7 /* Helpers.swift */; };
/* End PBXBuildFile section */

/* Begin PBXFileReference section */
		3E7A63782B7A95A3007A2770 /* GameModule.swift */ = {isa = PBXFileReference; lastKnownFileType = sourcecode.swift; path = GameModule.swift; sourceTree = "<group>"; };
		3EAFE2E42B77FD13008DD174 /* lines.app */ = {isa = PBXFileReference; explicitFileType = wrapper.application; includeInIndex = 0; path = lines.app; sourceTree = BUILT_PRODUCTS_DIR; };
		3EAFE2E72B77FD13008DD174 /* linesApp.swift */ = {isa = PBXFileReference; lastKnownFileType = sourcecode.swift; path = linesApp.swift; sourceTree = "<group>"; };
		3EAFE2E92B77FD13008DD174 /* ContentView.swift */ = {isa = PBXFileReference; lastKnownFileType = sourcecode.swift; path = ContentView.swift; sourceTree = "<group>"; };
		3EAFE2EB2B77FD15008DD174 /* Assets.xcassets */ = {isa = PBXFileReference; lastKnownFileType = folder.assetcatalog; path = Assets.xcassets; sourceTree = "<group>"; };
		3EAFE2EE2B77FD15008DD174 /* Preview Assets.xcassets */ = {isa = PBXFileReference; lastKnownFileType = folder.assetcatalog; path = "Preview Assets.xcassets"; sourceTree = "<group>"; };
		3EAFE2F52B77FD68008DD174 /* Game.swift */ = {isa = PBXFileReference; lastKnownFileType = sourcecode.swift; path = Game.swift; sourceTree = "<group>"; };
		3EAFE2F72B77FD89008DD174 /* GameService.swift */ = {isa = PBXFileReference; lastKnownFileType = sourcecode.swift; path = GameService.swift; sourceTree = "<group>"; };
		3EAFE2F92B7808A0008DD174 /* nhlOdds.json */ = {isa = PBXFileReference; lastKnownFileType = text.json; path = nhlOdds.json; sourceTree = "<group>"; };
		3EAFE2FB2B7A604B008DD174 /* BetSelections.swift */ = {isa = PBXFileReference; lastKnownFileType = sourcecode.swift; path = BetSelections.swift; sourceTree = "<group>"; };
		3EAFE2FD2B7A60DF008DD174 /* BetButton.swift */ = {isa = PBXFileReference; lastKnownFileType = sourcecode.swift; path = BetButton.swift; sourceTree = "<group>"; };
		3ECFE5F82B7BBF2C0033FCC7 /* DropDownView.swift */ = {isa = PBXFileReference; lastKnownFileType = sourcecode.swift; path = DropDownView.swift; sourceTree = "<group>"; };
		3ECFE5FA2B7BC2BA0033FCC7 /* nbaOdds.json */ = {isa = PBXFileReference; lastKnownFileType = text.json; path = nbaOdds.json; sourceTree = "<group>"; };
		3ECFE5FC2B7BEDF90033FCC7 /* CustomSetup.swift */ = {isa = PBXFileReference; lastKnownFileType = sourcecode.swift; path = CustomSetup.swift; sourceTree = "<group>"; };
		3ECFE6042B7D12510033FCC7 /* Helpers.swift */ = {isa = PBXFileReference; lastKnownFileType = sourcecode.swift; path = Helpers.swift; sourceTree = "<group>"; };
/* End PBXFileReference section */

/* Begin PBXFrameworksBuildPhase section */
		3EAFE2E12B77FD13008DD174 /* Frameworks */ = {
			isa = PBXFrameworksBuildPhase;
			buildActionMask = 2147483647;
			files = (
			);
			runOnlyForDeploymentPostprocessing = 0;
		};
/* End PBXFrameworksBuildPhase section */

/* Begin PBXGroup section */
		3E7A637A2B7ADADF007A2770 /* Models */ = {
			isa = PBXGroup;
			children = (
				3EAFE2F52B77FD68008DD174 /* Game.swift */,
			);
			path = Models;
			sourceTree = "<group>";
		};
		3E7A637B2B7ADAE4007A2770 /* Services */ = {
			isa = PBXGroup;
			children = (
				3EAFE2F72B77FD89008DD174 /* GameService.swift */,
			);
			path = Services;
			sourceTree = "<group>";
		};
		3EAFE2DB2B77FD13008DD174 = {
			isa = PBXGroup;
			children = (
				3EAFE2E62B77FD13008DD174 /* lines */,
				3EAFE2E52B77FD13008DD174 /* Products */,
			);
			sourceTree = "<group>";
		};
		3EAFE2E52B77FD13008DD174 /* Products */ = {
			isa = PBXGroup;
			children = (
				3EAFE2E42B77FD13008DD174 /* lines.app */,
			);
			name = Products;
			sourceTree = "<group>";
		};
		3EAFE2E62B77FD13008DD174 /* lines */ = {
			isa = PBXGroup;
			children = (
				3ECFE5FC2B7BEDF90033FCC7 /* CustomSetup.swift */,
				3EAFE2E72B77FD13008DD174 /* linesApp.swift */,
				3ECFE6022B7D12310033FCC7 /* Views */,
				3EAFE2FF2B7A60F4008DD174 /* Components */,
				3E7A637A2B7ADADF007A2770 /* Models */,
				3ECFE6032B7D123E0033FCC7 /* Helpers */,
				3E7A637B2B7ADAE4007A2770 /* Services */,
				3EAFE2EB2B77FD15008DD174 /* Assets.xcassets */,
				3EAFE2ED2B77FD15008DD174 /* Preview Content */,
			);
			path = lines;
			sourceTree = "<group>";
		};
		3EAFE2ED2B77FD15008DD174 /* Preview Content */ = {
			isa = PBXGroup;
			children = (
				3EAFE2EE2B77FD15008DD174 /* Preview Assets.xcassets */,
			);
			path = "Preview Content";
			sourceTree = "<group>";
		};
		3EAFE2FF2B7A60F4008DD174 /* Components */ = {
			isa = PBXGroup;
			children = (
				3EAFE2FD2B7A60DF008DD174 /* BetButton.swift */,
				3EAFE2FB2B7A604B008DD174 /* BetSelections.swift */,
				3E7A63782B7A95A3007A2770 /* GameModule.swift */,
				3ECFE5F82B7BBF2C0033FCC7 /* DropDownView.swift */,
			);
			path = Components;
			sourceTree = "<group>";
		};
		3ECFE6022B7D12310033FCC7 /* Views */ = {
			isa = PBXGroup;
			children = (
				3EAFE2E92B77FD13008DD174 /* ContentView.swift */,
			);
			path = Views;
			sourceTree = "<group>";
		};
		3ECFE6032B7D123E0033FCC7 /* Helpers */ = {
			isa = PBXGroup;
			children = (
				3ECFE6042B7D12510033FCC7 /* Helpers.swift */,
				3ECFE5FA2B7BC2BA0033FCC7 /* nbaOdds.json */,
				3EAFE2F92B7808A0008DD174 /* nhlOdds.json */,
			);
			path = Helpers;
			sourceTree = "<group>";
		};
/* End PBXGroup section */

/* Begin PBXNativeTarget section */
		3EAFE2E32B77FD13008DD174 /* lines */ = {
			isa = PBXNativeTarget;
			buildConfigurationList = 3EAFE2F22B77FD15008DD174 /* Build configuration list for PBXNativeTarget "lines" */;
			buildPhases = (
				3EAFE2E02B77FD13008DD174 /* Sources */,
				3EAFE2E12B77FD13008DD174 /* Frameworks */,
				3EAFE2E22B77FD13008DD174 /* Resources */,
			);
			buildRules = (
			);
			dependencies = (
			);
			name = lines;
			productName = lines;
			productReference = 3EAFE2E42B77FD13008DD174 /* lines.app */;
			productType = "com.apple.product-type.application";
		};
/* End PBXNativeTarget section */

/* Begin PBXProject section */
		3EAFE2DC2B77FD13008DD174 /* Project object */ = {
			isa = PBXProject;
			attributes = {
				BuildIndependentTargetsInParallel = 1;
				LastSwiftUpdateCheck = 1520;
				LastUpgradeCheck = 1520;
				TargetAttributes = {
					3EAFE2E32B77FD13008DD174 = {
						CreatedOnToolsVersion = 15.2;
					};
				};
			};
			buildConfigurationList = 3EAFE2DF2B77FD13008DD174 /* Build configuration list for PBXProject "lines" */;
			compatibilityVersion = "Xcode 14.0";
			developmentRegion = en;
			hasScannedForEncodings = 0;
			knownRegions = (
				en,
				Base,
			);
			mainGroup = 3EAFE2DB2B77FD13008DD174;
			productRefGroup = 3EAFE2E52B77FD13008DD174 /* Products */;
			projectDirPath = "";
			projectRoot = "";
			targets = (
				3EAFE2E32B77FD13008DD174 /* lines */,
			);
		};
/* End PBXProject section */

/* Begin PBXResourcesBuildPhase section */
		3EAFE2E22B77FD13008DD174 /* Resources */ = {
			isa = PBXResourcesBuildPhase;
			buildActionMask = 2147483647;
			files = (
				3EAFE2EF2B77FD15008DD174 /* Preview Assets.xcassets in Resources */,
				3EAFE2FA2B7808A0008DD174 /* nhlOdds.json in Resources */,
				3EAFE2EC2B77FD15008DD174 /* Assets.xcassets in Resources */,
				3ECFE5FB2B7BC2BA0033FCC7 /* nbaOdds.json in Resources */,
			);
			runOnlyForDeploymentPostprocessing = 0;
		};
/* End PBXResourcesBuildPhase section */

/* Begin PBXSourcesBuildPhase section */
		3EAFE2E02B77FD13008DD174 /* Sources */ = {
			isa = PBXSourcesBuildPhase;
			buildActionMask = 2147483647;
			files = (
				3E7A63792B7A95A3007A2770 /* GameModule.swift in Sources */,
				3EAFE2EA2B77FD13008DD174 /* ContentView.swift in Sources */,
				3EAFE2F62B77FD68008DD174 /* Game.swift in Sources */,
				3ECFE6052B7D12510033FCC7 /* Helpers.swift in Sources */,
				3EAFE2FC2B7A604B008DD174 /* BetSelections.swift in Sources */,
				3EAFE2E82B77FD13008DD174 /* linesApp.swift in Sources */,
				3ECFE5F92B7BBF2C0033FCC7 /* DropDownView.swift in Sources */,
				3ECFE5FD2B7BEDF90033FCC7 /* CustomSetup.swift in Sources */,
				3EAFE2F82B77FD89008DD174 /* GameService.swift in Sources */,
				3EAFE2FE2B7A60DF008DD174 /* BetButton.swift in Sources */,
			);
			runOnlyForDeploymentPostprocessing = 0;
		};
/* End PBXSourcesBuildPhase section */

/* Begin XCBuildConfiguration section */
		3EAFE2F02B77FD15008DD174 /* Debug */ = {
			isa = XCBuildConfiguration;
			buildSettings = {
				ALWAYS_SEARCH_USER_PATHS = NO;
				ASSETCATALOG_COMPILER_GENERATE_SWIFT_ASSET_SYMBOL_EXTENSIONS = YES;
				CLANG_ANALYZER_NONNULL = YES;
				CLANG_ANALYZER_NUMBER_OBJECT_CONVERSION = YES_AGGRESSIVE;
				CLANG_CXX_LANGUAGE_STANDARD = "gnu++20";
				CLANG_ENABLE_MODULES = YES;
				CLANG_ENABLE_OBJC_ARC = YES;
				CLANG_ENABLE_OBJC_WEAK = YES;
				CLANG_WARN_BLOCK_CAPTURE_AUTORELEASING = YES;
				CLANG_WARN_BOOL_CONVERSION = YES;
				CLANG_WARN_COMMA = YES;
				CLANG_WARN_CONSTANT_CONVERSION = YES;
				CLANG_WARN_DEPRECATED_OBJC_IMPLEMENTATIONS = YES;
				CLANG_WARN_DIRECT_OBJC_ISA_USAGE = YES_ERROR;
				CLANG_WARN_DOCUMENTATION_COMMENTS = YES;
				CLANG_WARN_EMPTY_BODY = YES;
				CLANG_WARN_ENUM_CONVERSION = YES;
				CLANG_WARN_INFINITE_RECURSION = YES;
				CLANG_WARN_INT_CONVERSION = YES;
				CLANG_WARN_NON_LITERAL_NULL_CONVERSION = YES;
				CLANG_WARN_OBJC_IMPLICIT_RETAIN_SELF = YES;
				CLANG_WARN_OBJC_LITERAL_CONVERSION = YES;
				CLANG_WARN_OBJC_ROOT_CLASS = YES_ERROR;
				CLANG_WARN_QUOTED_INCLUDE_IN_FRAMEWORK_HEADER = YES;
				CLANG_WARN_RANGE_LOOP_ANALYSIS = YES;
				CLANG_WARN_STRICT_PROTOTYPES = YES;
				CLANG_WARN_SUSPICIOUS_MOVE = YES;
				CLANG_WARN_UNGUARDED_AVAILABILITY = YES_AGGRESSIVE;
				CLANG_WARN_UNREACHABLE_CODE = YES;
				CLANG_WARN__DUPLICATE_METHOD_MATCH = YES;
				COPY_PHASE_STRIP = NO;
				DEBUG_INFORMATION_FORMAT = dwarf;
				ENABLE_STRICT_OBJC_MSGSEND = YES;
				ENABLE_TESTABILITY = YES;
				ENABLE_USER_SCRIPT_SANDBOXING = YES;
				GCC_C_LANGUAGE_STANDARD = gnu17;
				GCC_DYNAMIC_NO_PIC = NO;
				GCC_NO_COMMON_BLOCKS = YES;
				GCC_OPTIMIZATION_LEVEL = 0;
				GCC_PREPROCESSOR_DEFINITIONS = (
					"DEBUG=1",
					"$(inherited)",
				);
				GCC_WARN_64_TO_32_BIT_CONVERSION = YES;
				GCC_WARN_ABOUT_RETURN_TYPE = YES_ERROR;
				GCC_WARN_UNDECLARED_SELECTOR = YES;
				GCC_WARN_UNINITIALIZED_AUTOS = YES_AGGRESSIVE;
				GCC_WARN_UNUSED_FUNCTION = YES;
				GCC_WARN_UNUSED_VARIABLE = YES;
				IPHONEOS_DEPLOYMENT_TARGET = 17.2;
				LOCALIZATION_PREFERS_STRING_CATALOGS = YES;
				MTL_ENABLE_DEBUG_INFO = INCLUDE_SOURCE;
				MTL_FAST_MATH = YES;
				ONLY_ACTIVE_ARCH = YES;
				SDKROOT = iphoneos;
				SWIFT_ACTIVE_COMPILATION_CONDITIONS = "DEBUG $(inherited)";
				SWIFT_OPTIMIZATION_LEVEL = "-Onone";
			};
			name = Debug;
		};
		3EAFE2F12B77FD15008DD174 /* Release */ = {
			isa = XCBuildConfiguration;
			buildSettings = {
				ALWAYS_SEARCH_USER_PATHS = NO;
				ASSETCATALOG_COMPILER_GENERATE_SWIFT_ASSET_SYMBOL_EXTENSIONS = YES;
				CLANG_ANALYZER_NONNULL = YES;
				CLANG_ANALYZER_NUMBER_OBJECT_CONVERSION = YES_AGGRESSIVE;
				CLANG_CXX_LANGUAGE_STANDARD = "gnu++20";
				CLANG_ENABLE_MODULES = YES;
				CLANG_ENABLE_OBJC_ARC = YES;
				CLANG_ENABLE_OBJC_WEAK = YES;
				CLANG_WARN_BLOCK_CAPTURE_AUTORELEASING = YES;
				CLANG_WARN_BOOL_CONVERSION = YES;
				CLANG_WARN_COMMA = YES;
				CLANG_WARN_CONSTANT_CONVERSION = YES;
				CLANG_WARN_DEPRECATED_OBJC_IMPLEMENTATIONS = YES;
				CLANG_WARN_DIRECT_OBJC_ISA_USAGE = YES_ERROR;
				CLANG_WARN_DOCUMENTATION_COMMENTS = YES;
				CLANG_WARN_EMPTY_BODY = YES;
				CLANG_WARN_ENUM_CONVERSION = YES;
				CLANG_WARN_INFINITE_RECURSION = YES;
				CLANG_WARN_INT_CONVERSION = YES;
				CLANG_WARN_NON_LITERAL_NULL_CONVERSION = YES;
				CLANG_WARN_OBJC_IMPLICIT_RETAIN_SELF = YES;
				CLANG_WARN_OBJC_LITERAL_CONVERSION = YES;
				CLANG_WARN_OBJC_ROOT_CLASS = YES_ERROR;
				CLANG_WARN_QUOTED_INCLUDE_IN_FRAMEWORK_HEADER = YES;
				CLANG_WARN_RANGE_LOOP_ANALYSIS = YES;
				CLANG_WARN_STRICT_PROTOTYPES = YES;
				CLANG_WARN_SUSPICIOUS_MOVE = YES;
				CLANG_WARN_UNGUARDED_AVAILABILITY = YES_AGGRESSIVE;
				CLANG_WARN_UNREACHABLE_CODE = YES;
				CLANG_WARN__DUPLICATE_METHOD_MATCH = YES;
				COPY_PHASE_STRIP = NO;
				DEBUG_INFORMATION_FORMAT = "dwarf-with-dsym";
				ENABLE_NS_ASSERTIONS = NO;
				ENABLE_STRICT_OBJC_MSGSEND = YES;
				ENABLE_USER_SCRIPT_SANDBOXING = YES;
				GCC_C_LANGUAGE_STANDARD = gnu17;
				GCC_NO_COMMON_BLOCKS = YES;
				GCC_WARN_64_TO_32_BIT_CONVERSION = YES;
				GCC_WARN_ABOUT_RETURN_TYPE = YES_ERROR;
				GCC_WARN_UNDECLARED_SELECTOR = YES;
				GCC_WARN_UNINITIALIZED_AUTOS = YES_AGGRESSIVE;
				GCC_WARN_UNUSED_FUNCTION = YES;
				GCC_WARN_UNUSED_VARIABLE = YES;
				IPHONEOS_DEPLOYMENT_TARGET = 17.2;
				LOCALIZATION_PREFERS_STRING_CATALOGS = YES;
				MTL_ENABLE_DEBUG_INFO = NO;
				MTL_FAST_MATH = YES;
				SDKROOT = iphoneos;
				SWIFT_COMPILATION_MODE = wholemodule;
				VALIDATE_PRODUCT = YES;
			};
			name = Release;
		};
		3EAFE2F32B77FD15008DD174 /* Debug */ = {
			isa = XCBuildConfiguration;
			buildSettings = {
				ASSETCATALOG_COMPILER_APPICON_NAME = AppIcon;
				ASSETCATALOG_COMPILER_GLOBAL_ACCENT_COLOR_NAME = AccentColor;
				CODE_SIGN_STYLE = Automatic;
				CURRENT_PROJECT_VERSION = 1;
				DEVELOPMENT_ASSET_PATHS = "\"lines/Preview Content\"";
				DEVELOPMENT_TEAM = G9RPYMS2PA;
				ENABLE_PREVIEWS = YES;
				GENERATE_INFOPLIST_FILE = YES;
				INFOPLIST_KEY_UIApplicationSceneManifest_Generation = YES;
				INFOPLIST_KEY_UIApplicationSupportsIndirectInputEvents = YES;
				INFOPLIST_KEY_UILaunchScreen_Generation = YES;
				INFOPLIST_KEY_UISupportedInterfaceOrientations_iPad = "UIInterfaceOrientationPortrait UIInterfaceOrientationPortraitUpsideDown UIInterfaceOrientationLandscapeLeft UIInterfaceOrientationLandscapeRight";
				INFOPLIST_KEY_UISupportedInterfaceOrientations_iPhone = "UIInterfaceOrientationPortrait UIInterfaceOrientationLandscapeLeft UIInterfaceOrientationLandscapeRight";
				LD_RUNPATH_SEARCH_PATHS = (
					"$(inherited)",
					"@executable_path/Frameworks",
				);
				MARKETING_VERSION = 1.0;
				PRODUCT_BUNDLE_IDENTIFIER = com.devsmond.lines;
				PRODUCT_NAME = "$(TARGET_NAME)";
				SWIFT_EMIT_LOC_STRINGS = YES;
				SWIFT_VERSION = 5.0;
				TARGETED_DEVICE_FAMILY = "1,2";
			};
			name = Debug;
		};
		3EAFE2F42B77FD15008DD174 /* Release */ = {
			isa = XCBuildConfiguration;
			buildSettings = {
				ASSETCATALOG_COMPILER_APPICON_NAME = AppIcon;
				ASSETCATALOG_COMPILER_GLOBAL_ACCENT_COLOR_NAME = AccentColor;
				CODE_SIGN_STYLE = Automatic;
				CURRENT_PROJECT_VERSION = 1;
				DEVELOPMENT_ASSET_PATHS = "\"lines/Preview Content\"";
				DEVELOPMENT_TEAM = G9RPYMS2PA;
				ENABLE_PREVIEWS = YES;
				GENERATE_INFOPLIST_FILE = YES;
				INFOPLIST_KEY_UIApplicationSceneManifest_Generation = YES;
				INFOPLIST_KEY_UIApplicationSupportsIndirectInputEvents = YES;
				INFOPLIST_KEY_UILaunchScreen_Generation = YES;
				INFOPLIST_KEY_UISupportedInterfaceOrientations_iPad = "UIInterfaceOrientationPortrait UIInterfaceOrientationPortraitUpsideDown UIInterfaceOrientationLandscapeLeft UIInterfaceOrientationLandscapeRight";
				INFOPLIST_KEY_UISupportedInterfaceOrientations_iPhone = "UIInterfaceOrientationPortrait UIInterfaceOrientationLandscapeLeft UIInterfaceOrientationLandscapeRight";
				LD_RUNPATH_SEARCH_PATHS = (
					"$(inherited)",
					"@executable_path/Frameworks",
				);
				MARKETING_VERSION = 1.0;
				PRODUCT_BUNDLE_IDENTIFIER = com.devsmond.lines;
				PRODUCT_NAME = "$(TARGET_NAME)";
				SWIFT_EMIT_LOC_STRINGS = YES;
				SWIFT_VERSION = 5.0;
				TARGETED_DEVICE_FAMILY = "1,2";
			};
			name = Release;
		};
/* End XCBuildConfiguration section */

/* Begin XCConfigurationList section */
		3EAFE2DF2B77FD13008DD174 /* Build configuration list for PBXProject "lines" */ = {
			isa = XCConfigurationList;
			buildConfigurations = (
				3EAFE2F02B77FD15008DD174 /* Debug */,
				3EAFE2F12B77FD15008DD174 /* Release */,
			);
			defaultConfigurationIsVisible = 0;
			defaultConfigurationName = Release;
		};
		3EAFE2F22B77FD15008DD174 /* Build configuration list for PBXNativeTarget "lines" */ = {
			isa = XCConfigurationList;
			buildConfigurations = (
				3EAFE2F32B77FD15008DD174 /* Debug */,
				3EAFE2F42B77FD15008DD174 /* Release */,
			);
			defaultConfigurationIsVisible = 0;
			defaultConfigurationName = Release;
		};
/* End XCConfigurationList section */
	};
	rootObject = 3EAFE2DC2B77FD13008DD174 /* Project object */;
}
